
Microsoft Visual Studio Solution File, Format Version 12.00
# Visual Studio 14
VisualStudioVersion = 14.0.25420.1
MinimumVisualStudioVersion = 10.0.40219.1
Project("{FAE04EC0-301F-11D3-BF4B-00C04F79EFBC}") = "TryWebJobs.Web", "TryWebJobs.Web\TryWebJobs.Web.csproj", "{A5C69666-3AD8-4BC6-B7B8-99F151D070FD}"
EndProject
Project("{FAE04EC0-301F-11D3-BF4B-00C04F79EFBC}") = "FromServiceBusToQueue", "FromServiceBusToQueue\FromServiceBusToQueue.csproj", "{6C5F03AF-F69A-4944-958C-14F95B131F7A}"
EndProject
Project("{151D2E53-A2C4-4D7D-83FE-D05416EBD58E}") = "TryWebJobs.Deploy", "TryWebJobs.Deploy\TryWebJobs.Deploy.deployproj", "{26870666-D065-4C54-AB2B-7522BA96D49D}"
EndProject
Project("{FAE04EC0-301F-11D3-BF4B-00C04F79EFBC}") = "ServiceBusQtoQ", "ServiceBusQtoQ\ServiceBusQtoQ.csproj", "{46ED28F6-D745-4983-8717-C492E8490129}"
EndProject
Global
	GlobalSection(SolutionConfigurationPlatforms) = preSolution
		Debug|Any CPU = Debug|Any CPU
		Release|Any CPU = Release|Any CPU
	EndGlobalSection
	GlobalSection(ProjectConfigurationPlatforms) = postSolution
		{A5C69666-3AD8-4BC6-B7B8-99F151D070FD}.Debug|Any CPU.ActiveCfg = Debug|Any CPU
		{A5C69666-3AD8-4BC6-B7B8-99F151D070FD}.Debug|Any CPU.Build.0 = Debug|Any CPU
		{A5C69666-3AD8-4BC6-B7B8-99F151D070FD}.Release|Any CPU.ActiveCfg = Release|Any CPU
		{A5C69666-3AD8-4BC6-B7B8-99F151D070FD}.Release|Any CPU.Build.0 = Release|Any CPU
		{6C5F03AF-F69A-4944-958C-14F95B131F7A}.Debug|Any CPU.ActiveCfg = Debug|Any CPU
		{6C5F03AF-F69A-4944-958C-14F95B131F7A}.Debug|Any CPU.Build.0 = Debug|Any CPU
		{6C5F03AF-F69A-4944-958C-14F95B131F7A}.Release|Any CPU.ActiveCfg = Release|Any CPU
		{6C5F03AF-F69A-4944-958C-14F95B131F7A}.Release|Any CPU.Build.0 = Release|Any CPU
		{26870666-D065-4C54-AB2B-7522BA96D49D}.Debug|Any CPU.ActiveCfg = Debug|Any CPU
		{26870666-D065-4C54-AB2B-7522BA96D49D}.Debug|Any CPU.Build.0 = Debug|Any CPU
		{26870666-D065-4C54-AB2B-7522BA96D49D}.Release|Any CPU.ActiveCfg = Release|Any CPU
		{26870666-D065-4C54-AB2B-7522BA96D49D}.Release|Any CPU.Build.0 = Release|Any CPU
		{46ED28F6-D745-4983-8717-C492E8490129}.Debug|Any CPU.ActiveCfg = Debug|Any CPU
		{46ED28F6-D745-4983-8717-C492E8490129}.Debug|Any CPU.Build.0 = Debug|Any CPU
		{46ED28F6-D745-4983-8717-C492E8490129}.Release|Any CPU.ActiveCfg = Release|Any CPU
		{46ED28F6-D745-4983-8717-C492E8490129}.Release|Any CPU.Build.0 = Release|Any CPU
	EndGlobalSection
	GlobalSection(SolutionProperties) = preSolution
		HideSolutionNode = FALSE
	EndGlobalSection
EndGlobal
